
Microsoft Visual Studio Solution File, Format Version 12.00
# Visual Studio Version 17
VisualStudioVersion = 17.1.32421.90
MinimumVisualStudioVersion = 10.0.40219.1
Project("{FAE04EC0-301F-11D3-BF4B-00C04F79EFBC}") = "Rent-A-Car", "Rent-A-Car\Rent-A-Car.csproj", "{5511464D-DB96-4350-9DEA-069D4B33070C}"
EndProject
Global
	GlobalSection(SolutionConfigurationPlatforms) = preSolution
		Debug|Any CPU = Debug|Any CPU
		Release|Any CPU = Release|Any CPU
	EndGlobalSection
	GlobalSection(ProjectConfigurationPlatforms) = postSolution
		{5511464D-DB96-4350-9DEA-069D4B33070C}.Debug|Any CPU.ActiveCfg = Debug|Any CPU
		{5511464D-DB96-4350-9DEA-069D4B33070C}.Debug|Any CPU.Build.0 = Debug|Any CPU
		{5511464D-DB96-4350-9DEA-069D4B33070C}.Release|Any CPU.ActiveCfg = Release|Any CPU
		{5511464D-DB96-4350-9DEA-069D4B33070C}.Release|Any CPU.Build.0 = Release|Any CPU
	EndGlobalSection
	GlobalSection(SolutionProperties) = preSolution
		HideSolutionNode = FALSE
	EndGlobalSection
	GlobalSection(ExtensibilityGlobals) = postSolution
		SolutionGuid = {05C4BA7E-5200-4646-AD9E-A7E31C41109E}
	EndGlobalSection
EndGlobal
