
Microsoft Visual Studio Solution File, Format Version 12.00
# Visual Studio Version 17
VisualStudioVersion = 17.1.32421.90
MinimumVisualStudioVersion = 10.0.40219.1
Project("{9A19103F-16F7-4668-BE54-9A1E7A4F7556}") = "Rent-A-Car", "Rent-A-Car\Rent-A-Car.csproj", "{A0FB298B-9B8F-40E2-95CC-A4CC6F34FB81}"
EndProject
Project("{FAE04EC0-301F-11D3-BF4B-00C04F79EFBC}") = "Rent-A-Car-Test", "Rent-A-Car-Test\Rent-A-Car-Test.csproj", "{294BCEB4-140F-4D1A-B176-EFBD99EF8346}"
EndProject
Global
	GlobalSection(SolutionConfigurationPlatforms) = preSolution
		Debug|Any CPU = Debug|Any CPU
		Release|Any CPU = Release|Any CPU
	EndGlobalSection
	GlobalSection(ProjectConfigurationPlatforms) = postSolution
		{A0FB298B-9B8F-40E2-95CC-A4CC6F34FB81}.Debug|Any CPU.ActiveCfg = Debug|Any CPU
		{A0FB298B-9B8F-40E2-95CC-A4CC6F34FB81}.Debug|Any CPU.Build.0 = Debug|Any CPU
		{A0FB298B-9B8F-40E2-95CC-A4CC6F34FB81}.Release|Any CPU.ActiveCfg = Release|Any CPU
		{A0FB298B-9B8F-40E2-95CC-A4CC6F34FB81}.Release|Any CPU.Build.0 = Release|Any CPU
		{294BCEB4-140F-4D1A-B176-EFBD99EF8346}.Debug|Any CPU.ActiveCfg = Debug|Any CPU
		{294BCEB4-140F-4D1A-B176-EFBD99EF8346}.Debug|Any CPU.Build.0 = Debug|Any CPU
		{294BCEB4-140F-4D1A-B176-EFBD99EF8346}.Release|Any CPU.ActiveCfg = Release|Any CPU
		{294BCEB4-140F-4D1A-B176-EFBD99EF8346}.Release|Any CPU.Build.0 = Release|Any CPU
	EndGlobalSection
	GlobalSection(SolutionProperties) = preSolution
		HideSolutionNode = FALSE
	EndGlobalSection
	GlobalSection(ExtensibilityGlobals) = postSolution
		SolutionGuid = {5B2B2F65-7051-41C8-8BF7-329A80122DD8}
	EndGlobalSection
EndGlobal
